Microsoft Visual Studio Solution File, Format Version 11.00
# Visual Studio 2008

Project("{642F0966-852D-B015-D433-65AA099E4329}") = "Wizard2", "Assembly-CSharp.csproj", "{24EBE682-D092-70A6-0A15-E07918E791C0}"
EndProject
Global
	GlobalSection(SolutionConfigurationPlatforms) = preSolution
		Debug|Any CPU = Debug|Any CPU
		Release|Any CPU = Release|Any CPU
	EndGlobalSection
	GlobalSection(ProjectConfigurationPlatforms) = postSolution
		{24EBE682-D092-70A6-0A15-E07918E791C0}.Debug|Any CPU.ActiveCfg = Debug|Any CPU
		{24EBE682-D092-70A6-0A15-E07918E791C0}.Debug|Any CPU.Build.0 = Debug|Any CPU
		{24EBE682-D092-70A6-0A15-E07918E791C0}.Release|Any CPU.ActiveCfg = Release|Any CPU
		{24EBE682-D092-70A6-0A15-E07918E791C0}.Release|Any CPU.Build.0 = Release|Any CPU
	EndGlobalSection
	GlobalSection(SolutionProperties) = preSolution
		HideSolutionNode = FALSE
	EndGlobalSection
	GlobalSection(MonoDevelopProperties) = preSolution
		StartupItem = Assembly-CSharp.csproj
	EndGlobalSection
EndGlobal
